{
  "version": 4,
  "terraform_version": "1.13.1",
  "serial": 4,
  "lineage": "0c07a5be-d53c-e477-de09-14ebdf5e6fb9",
  "outputs": {
    "repository_arn": {
      "value": "arn:aws:ecr:us-east-1:992382545251:repository/final-workshop",
      "type": "string"
    },
    "repository_url": {
      "value": "992382545251.dkr.ecr.us-east-1.amazonaws.com/final-workshop",
      "type": "string"
    }
  },
  "resources": [
    {
      "mode": "data",
      "type": "aws_caller_identity",
      "name": "current",
      "provider": "provider[\"registry.terraform.io/hashicorp/aws\"]",
      "instances": [
        {
          "schema_version": 0,
          "attributes": {
            "account_id": "992382545251",
            "arn": "arn:aws:iam::992382545251:user/amiteibarshalton",
            "id": "992382545251",
            "user_id": "AIDA6ODU35VR2WZL5KGOG"
          },
          "sensitive_attributes": [],
          "identity_schema_version": 0
        }
      ]
    },
    {
      "mode": "managed",
      "type": "aws_ecr_repository",
      "name": "main",
      "provider": "provider[\"registry.terraform.io/hashicorp/aws\"]",
      "instances": [
        {
          "schema_version": 0,
          "attributes": {
            "arn": "arn:aws:ecr:us-east-1:992382545251:repository/final-workshop",
            "encryption_configuration": [
              {
                "encryption_type": "AES256",
                "kms_key": ""
              }
            ],
            "force_delete": null,
            "id": "final-workshop",
            "image_scanning_configuration": [
              {
                "scan_on_push": true
              }
            ],
            "image_tag_mutability": "MUTABLE",
            "image_tag_mutability_exclusion_filter": [],
            "name": "final-workshop",
            "region": "us-east-1",
            "registry_id": "992382545251",
            "repository_url": "992382545251.dkr.ecr.us-east-1.amazonaws.com/final-workshop",
            "tags": {
              "Environment": "dev",
              "Project": "final-workshop",
              "owner": "benami"
            },
            "tags_all": {
              "Environment": "dev",
              "Project": "final-workshop",
              "owner": "benami"
            },
            "timeouts": null
          },
          "sensitive_attributes": [],
          "identity_schema_version": 0,
          "identity": {
            "account_id": "992382545251",
            "name": "final-workshop",
            "region": "us-east-1"
          },
          "private": "eyJlMmJmYjczMC1lY2FhLTExZTYtOGY4OC0zNDM2M2JjN2M0YzAiOnsiZGVsZXRlIjoxMjAwMDAwMDAwMDAwfX0="
        }
      ]
    }
  ],
  "check_results": null
}
