dependencies:
- name: app
  repository: ""
  version: 0.1.0
- name: db
  repository: ""
  version: 0.1.0
- name: nginx
  repository: ""
  version: 0.1.0
- name: redis
  repository: ""
  version: 0.1.0
- name: scheduler
  repository: ""
  version: 0.1.0
- name: worker
  repository: ""
  version: 0.1.0
digest: sha256:a8415de6f4406b8058ea1e5403e9a05162bb2101d22cd3b4e5b0bed77b4cf7f5
generated: "2025-09-14T19:36:04.022182641Z"
